
Microsoft Visual Studio Solution File, Format Version 12.00
# Visual Studio Version 17
VisualStudioVersion = 17.3.32811.315
MinimumVisualStudioVersion = 10.0.40219.1
Project("{2150E333-8FDC-42A3-9474-1A3956D46DE8}") = "src", "src", "{821E56F0-00A6-4DD9-A9C8-C07CB2523A13}"
EndProject
Project("{2150E333-8FDC-42A3-9474-1A3956D46DE8}") = "Solution Items", "Solution Items", "{E7743817-F6C0-46B0-918E-C74E7EBF68D3}"
	ProjectSection(SolutionItems) = preProject
		..\.editorconfig = ..\.editorconfig
		..\.gitignore = ..\.gitignore
		..\LICENSE.md = ..\LICENSE.md
		..\README.md = ..\README.md
	EndProjectSection
EndProject
Project("{9A19103F-16F7-4668-BE54-9A1E7A4F7556}") = "LevaNotes.Web", "LevaNotes.Web\LevaNotes.Web.csproj", "{63900159-AADE-4EEC-BC43-71171336D896}"
EndProject
Global
	GlobalSection(SolutionConfigurationPlatforms) = preSolution
		Debug|Any CPU = Debug|Any CPU
		Release|Any CPU = Release|Any CPU
	EndGlobalSection
	GlobalSection(ProjectConfigurationPlatforms) = postSolution
		{63900159-AADE-4EEC-BC43-71171336D896}.Debug|Any CPU.ActiveCfg = Debug|Any CPU
		{63900159-AADE-4EEC-BC43-71171336D896}.Debug|Any CPU.Build.0 = Debug|Any CPU
		{63900159-AADE-4EEC-BC43-71171336D896}.Release|Any CPU.ActiveCfg = Release|Any CPU
		{63900159-AADE-4EEC-BC43-71171336D896}.Release|Any CPU.Build.0 = Release|Any CPU
	EndGlobalSection
	GlobalSection(SolutionProperties) = preSolution
		HideSolutionNode = FALSE
	EndGlobalSection
	GlobalSection(NestedProjects) = preSolution
		{63900159-AADE-4EEC-BC43-71171336D896} = {821E56F0-00A6-4DD9-A9C8-C07CB2523A13}
	EndGlobalSection
	GlobalSection(ExtensibilityGlobals) = postSolution
		SolutionGuid = {9C12BB6B-3304-4E93-8DD7-DED9DDBA935E}
	EndGlobalSection
EndGlobal
